// !$*UTF8*$!
{
	archiveVersion = 1;
	classes = {
	};
	objectVersion = 46;
	objects = {

/* Begin PBXBuildFile section */
		36574A951E4BAB0000CAE3D4 /* AppDelegate.swift in Sources */ = {isa = PBXBuildFile; fileRef = 36574A941E4BAB0000CAE3D4 /* AppDelegate.swift */; };
		36574A971E4BAB0000CAE3D4 /* ViewController.swift in Sources */ = {isa = PBXBuildFile; fileRef = 36574A961E4BAB0000CAE3D4 /* ViewController.swift */; };
		36574A9A1E4BAB0000CAE3D4 /* Main.storyboard in Resources */ = {isa = PBXBuildFile; fileRef = 36574A981E4BAB0000CAE3D4 /* Main.storyboard */; };
		36574A9C1E4BAB0000CAE3D4 /* Assets.xcassets in Resources */ = {isa = PBXBuildFile; fileRef = 36574A9B1E4BAB0000CAE3D4 /* Assets.xcassets */; };
		36574A9F1E4BAB0000CAE3D4 /* LaunchScreen.storyboard in Resources */ = {isa = PBXBuildFile; fileRef = 36574A9D1E4BAB0000CAE3D4 /* LaunchScreen.storyboard */; };
		36574AA71E4BAE8500CAE3D4 /* Sounds in Resources */ = {isa = PBXBuildFile; fileRef = 36574AA61E4BAE8500CAE3D4 /* Sounds */; };
/* End PBXBuildFile section */

/* Begin PBXFileReference section */
		36574A911E4BAB0000CAE3D4 /* VolumeDemo.app */ = {isa = PBXFileReference; explicitFileType = wrapper.application; includeInIndex = 0; path = VolumeDemo.app; sourceTree = BUILT_PRODUCTS_DIR; };
		36574A941E4BAB0000CAE3D4 /* AppDelegate.swift */ = {isa = PBXFileReference; lastKnownFileType = sourcecode.swift; path = AppDelegate.swift; sourceTree = "<group>"; };
		36574A961E4BAB0000CAE3D4 /* ViewController.swift */ = {isa = PBXFileReference; lastKnownFileType = sourcecode.swift; path = ViewController.swift; sourceTree = "<group>"; };
		36574A991E4BAB0000CAE3D4 /* Base */ = {isa = PBXFileReference; lastKnownFileType = file.storyboard; name = Base; path = Base.lproj/Main.storyboard; sourceTree = "<group>"; };
		36574A9B1E4BAB0000CAE3D4 /* Assets.xcassets */ = {isa = PBXFileReference; lastKnownFileType = folder.assetcatalog; path = Assets.xcassets; sourceTree = "<group>"; };
		36574A9E1E4BAB0000CAE3D4 /* Base */ = {isa = PBXFileReference; lastKnownFileType = file.storyboard; name = Base; path = Base.lproj/LaunchScreen.storyboard; sourceTree = "<group>"; };
		36574AA01E4BAB0000CAE3D4 /* Info.plist */ = {isa = PBXFileReference; lastKnownFileType = text.plist.xml; path = Info.plist; sourceTree = "<group>"; };
		36574AA61E4BAE8500CAE3D4 /* Sounds */ = {isa = PBXFileReference; lastKnownFileType = folder; path = Sounds; sourceTree = "<group>"; };
/* End PBXFileReference section */

/* Begin PBXFrameworksBuildPhase section */
		36574A8E1E4BAB0000CAE3D4 /* Frameworks */ = {
			isa = PBXFrameworksBuildPhase;
			buildActionMask = 2147483647;
			files = (
			);
			runOnlyForDeploymentPostprocessing = 0;
		};
/* End PBXFrameworksBuildPhase section */

/* Begin PBXGroup section */
		36574A881E4BAB0000CAE3D4 = {
			isa = PBXGroup;
			children = (
				36574A931E4BAB0000CAE3D4 /* VolumeDemo */,
				36574A921E4BAB0000CAE3D4 /* Products */,
			);
			sourceTree = "<group>";
		};
		36574A921E4BAB0000CAE3D4 /* Products */ = {
			isa = PBXGroup;
			children = (
				36574A911E4BAB0000CAE3D4 /* VolumeDemo.app */,
			);
			name = Products;
			sourceTree = "<group>";
		};
		36574A931E4BAB0000CAE3D4 /* VolumeDemo */ = {
			isa = PBXGroup;
			children = (
				36574AA61E4BAE8500CAE3D4 /* Sounds */,
				36574A941E4BAB0000CAE3D4 /* AppDelegate.swift */,
				36574A961E4BAB0000CAE3D4 /* ViewController.swift */,
				36574A981E4BAB0000CAE3D4 /* Main.storyboard */,
				36574A9B1E4BAB0000CAE3D4 /* Assets.xcassets */,
				36574A9D1E4BAB0000CAE3D4 /* LaunchScreen.storyboard */,
				36574AA01E4BAB0000CAE3D4 /* Info.plist */,
			);
			path = VolumeDemo;
			sourceTree = "<group>";
		};
/* End PBXGroup section */

/* Begin PBXNativeTarget section */
		36574A901E4BAB0000CAE3D4 /* VolumeDemo */ = {
			isa = PBXNativeTarget;
			buildConfigurationList = 36574AA31E4BAB0000CAE3D4 /* Build configuration list for PBXNativeTarget "VolumeDemo" */;
			buildPhases = (
				36574A8D1E4BAB0000CAE3D4 /* Sources */,
				36574A8E1E4BAB0000CAE3D4 /* Frameworks */,
				36574A8F1E4BAB0000CAE3D4 /* Resources */,
			);
			buildRules = (
			);
			dependencies = (
			);
			name = VolumeDemo;
			productName = VolumeDemo;
			productReference = 36574A911E4BAB0000CAE3D4 /* VolumeDemo.app */;
			productType = "com.apple.product-type.application";
		};
/* End PBXNativeTarget section */

/* Begin PBXProject section */
		36574A891E4BAB0000CAE3D4 /* Project object */ = {
			isa = PBXProject;
			attributes = {
				LastSwiftUpdateCheck = 0820;
				LastUpgradeCheck = 0820;
				TargetAttributes = {
					36574A901E4BAB0000CAE3D4 = {
						CreatedOnToolsVersion = 8.2.1;
						DevelopmentTeam = 57KF46DHQ5;
						ProvisioningStyle = Automatic;
					};
				};
			};
			buildConfigurationList = 36574A8C1E4BAB0000CAE3D4 /* Build configuration list for PBXProject "VolumeDemo" */;
			compatibilityVersion = "Xcode 3.2";
			developmentRegion = English;
			hasScannedForEncodings = 0;
			knownRegions = (
				en,
				Base,
			);
			mainGroup = 36574A881E4BAB0000CAE3D4;
			productRefGroup = 36574A921E4BAB0000CAE3D4 /* Products */;
			projectDirPath = "";
			projectRoot = "";
			targets = (
				36574A901E4BAB0000CAE3D4 /* VolumeDemo */,
			);
		};
/* End PBXProject section */

/* Begin PBXResourcesBuildPhase section */
		36574A8F1E4BAB0000CAE3D4 /* Resources */ = {
			isa = PBXResourcesBuildPhase;
			buildActionMask = 2147483647;
			files = (
				36574A9F1E4BAB0000CAE3D4 /* LaunchScreen.storyboard in Resources */,
				36574A9C1E4BAB0000CAE3D4 /* Assets.xcassets in Resources */,
				36574AA71E4BAE8500CAE3D4 /* Sounds in Resources */,
				36574A9A1E4BAB0000CAE3D4 /* Main.storyboard in Resources */,
			);
			runOnlyForDeploymentPostprocessing = 0;
		};
/* End PBXResourcesBuildPhase section */

/* Begin PBXSourcesBuildPhase section */
		36574A8D1E4BAB0000CAE3D4 /* Sources */ = {
			isa = PBXSourcesBuildPhase;
			buildActionMask = 2147483647;
			files = (
				36574A971E4BAB0000CAE3D4 /* ViewController.swift in Sources */,
				36574A951E4BAB0000CAE3D4 /* AppDelegate.swift in Sources */,
			);
			runOnlyForDeploymentPostprocessing = 0;
		};
/* End PBXSourcesBuildPhase section */

/* Begin PBXVariantGroup section */
		36574A981E4BAB0000CAE3D4 /* Main.storyboard */ = {
			isa = PBXVariantGroup;
			children = (
				36574A991E4BAB0000CAE3D4 /* Base */,
			);
			name = Main.storyboard;
			sourceTree = "<group>";
		};
		36574A9D1E4BAB0000CAE3D4 /* LaunchScreen.storyboard */ = {
			isa = PBXVariantGroup;
			children = (
				36574A9E1E4BAB0000CAE3D4 /* Base */,
			);
			name = LaunchScreen.storyboard;
			sourceTree = "<group>";
		};
/* End PBXVariantGroup section */

/* Begin XCBuildConfiguration section */
		36574AA11E4BAB0000CAE3D4 /* Debug */ = {
			isa = XCBuildConfiguration;
			buildSettings = {
				ALWAYS_SEARCH_USER_PATHS = NO;
				CLANG_ANALYZER_NONNULL = YES;
				CLANG_CXX_LANGUAGE_STANDARD = "gnu++0x";
				CLANG_CXX_LIBRARY = "libc++";
				CLANG_ENABLE_MODULES = YES;
				CLANG_ENABLE_OBJC_ARC = YES;
				CLANG_WARN_BOOL_CONVERSION = YES;
				CLANG_WARN_CONSTANT_CONVERSION = YES;
				CLANG_WARN_DIRECT_OBJC_ISA_USAGE = YES_ERROR;
				CLANG_WARN_DOCUMENTATION_COMMENTS = YES;
				CLANG_WARN_EMPTY_BODY = YES;
				CLANG_WARN_ENUM_CONVERSION = YES;
				CLANG_WARN_INFINITE_RECURSION = YES;
				CLANG_WARN_INT_CONVERSION = YES;
				CLANG_WARN_OBJC_ROOT_CLASS = YES_ERROR;
				CLANG_WARN_SUSPICIOUS_MOVE = YES;
				CLANG_WARN_UNREACHABLE_CODE = YES;
				CLANG_WARN__DUPLICATE_METHOD_MATCH = YES;
				"CODE_SIGN_IDENTITY[sdk=iphoneos*]" = "iPhone Developer";
				COPY_PHASE_STRIP = NO;
				DEBUG_INFORMATION_FORMAT = dwarf;
				ENABLE_STRICT_OBJC_MSGSEND = YES;
				ENABLE_TESTABILITY = YES;
				GCC_C_LANGUAGE_STANDARD = gnu99;
				GCC_DYNAMIC_NO_PIC = NO;
				GCC_NO_COMMON_BLOCKS = YES;
				GCC_OPTIMIZATION_LEVEL = 0;
				GCC_PREPROCESSOR_DEFINITIONS = (
					"DEBUG=1",
					"$(inherited)",
				);
				GCC_WARN_64_TO_32_BIT_CONVERSION = YES;
				GCC_WARN_ABOUT_RETURN_TYPE = YES_ERROR;
				GCC_WARN_UNDECLARED_SELECTOR = YES;
				GCC_WARN_UNINITIALIZED_AUTOS = YES_AGGRESSIVE;
				GCC_WARN_UNUSED_FUNCTION = YES;
				GCC_WARN_UNUSED_VARIABLE = YES;
				IPHONEOS_DEPLOYMENT_TARGET = 10.2;
				MTL_ENABLE_DEBUG_INFO = YES;
				ONLY_ACTIVE_ARCH = YES;
				SDKROOT = iphoneos;
				SWIFT_ACTIVE_COMPILATION_CONDITIONS = DEBUG;
				SWIFT_OPTIMIZATION_LEVEL = "-Onone";
			};
			name = Debug;
		};
		36574AA21E4BAB0000CAE3D4 /* Release */ = {
			isa = XCBuildConfiguration;
			buildSettings = {
				ALWAYS_SEARCH_USER_PATHS = NO;
				CLANG_ANALYZER_NONNULL = YES;
				CLANG_CXX_LANGUAGE_STANDARD = "gnu++0x";
				CLANG_CXX_LIBRARY = "libc++";
				CLANG_ENABLE_MODULES = YES;
				CLANG_ENABLE_OBJC_ARC = YES;
				CLANG_WARN_BOOL_CONVERSION = YES;
				CLANG_WARN_CONSTANT_CONVERSION = YES;
				CLANG_WARN_DIRECT_OBJC_ISA_USAGE = YES_ERROR;
				CLANG_WARN_DOCUMENTATION_COMMENTS = YES;
				CLANG_WARN_EMPTY_BODY = YES;
				CLANG_WARN_ENUM_CONVERSION = YES;
				CLANG_WARN_INFINITE_RECURSION = YES;
				CLANG_WARN_INT_CONVERSION = YES;
				CLANG_WARN_OBJC_ROOT_CLASS = YES_ERROR;
				CLANG_WARN_SUSPICIOUS_MOVE = YES;
				CLANG_WARN_UNREACHABLE_CODE = YES;
				CLANG_WARN__DUPLICATE_METHOD_MATCH = YES;
				"CODE_SIGN_IDENTITY[sdk=iphoneos*]" = "iPhone Developer";
				COPY_PHASE_STRIP = NO;
				DEBUG_INFORMATION_FORMAT = "dwarf-with-dsym";
				ENABLE_NS_ASSERTIONS = NO;
				ENABLE_STRICT_OBJC_MSGSEND = YES;
				GCC_C_LANGUAGE_STANDARD = gnu99;
				GCC_NO_COMMON_BLOCKS = YES;
				GCC_WARN_64_TO_32_BIT_CONVERSION = YES;
				GCC_WARN_ABOUT_RETURN_TYPE = YES_ERROR;
				GCC_WARN_UNDECLARED_SELECTOR = YES;
				GCC_WARN_UNINITIALIZED_AUTOS = YES_AGGRESSIVE;
				GCC_WARN_UNUSED_FUNCTION = YES;
				GCC_WARN_UNUSED_VARIABLE = YES;
				IPHONEOS_DEPLOYMENT_TARGET = 10.2;
				MTL_ENABLE_DEBUG_INFO = NO;
				SDKROOT = iphoneos;
				SWIFT_OPTIMIZATION_LEVEL = "-Owholemodule";
				VALIDATE_PRODUCT = YES;
			};
			name = Release;
		};
		36574AA41E4BAB0000CAE3D4 /* Debug */ = {
			isa = XCBuildConfiguration;
			buildSettings = {
				ASSETCATALOG_COMPILER_APPICON_NAME = AppIcon;
				DEVELOPMENT_TEAM = 57KF46DHQ5;
				INFOPLIST_FILE = VolumeDemo/Info.plist;
				LD_RUNPATH_SEARCH_PATHS = "$(inherited) @executable_path/Frameworks";
				PRODUCT_BUNDLE_IDENTIFIER = com.test.VolumeDemo;
				PRODUCT_NAME = "$(TARGET_NAME)";
				SWIFT_VERSION = 3.0;
			};
			name = Debug;
		};
		36574AA51E4BAB0000CAE3D4 /* Release */ = {
			isa = XCBuildConfiguration;
			buildSettings = {
				ASSETCATALOG_COMPILER_APPICON_NAME = AppIcon;
				DEVELOPMENT_TEAM = 57KF46DHQ5;
				INFOPLIST_FILE = VolumeDemo/Info.plist;
				LD_RUNPATH_SEARCH_PATHS = "$(inherited) @executable_path/Frameworks";
				PRODUCT_BUNDLE_IDENTIFIER = com.test.VolumeDemo;
				PRODUCT_NAME = "$(TARGET_NAME)";
				SWIFT_VERSION = 3.0;
			};
			name = Release;
		};
/* End XCBuildConfiguration section */

/* Begin XCConfigurationList section */
		36574A8C1E4BAB0000CAE3D4 /* Build configuration list for PBXProject "VolumeDemo" */ = {
			isa = XCConfigurationList;
			buildConfigurations = (
				36574AA11E4BAB0000CAE3D4 /* Debug */,
				36574AA21E4BAB0000CAE3D4 /* Release */,
			);
			defaultConfigurationIsVisible = 0;
			defaultConfigurationName = Release;
		};
		36574AA31E4BAB0000CAE3D4 /* Build configuration list for PBXNativeTarget "VolumeDemo" */ = {
			isa = XCConfigurationList;
			buildConfigurations = (
				36574AA41E4BAB0000CAE3D4 /* Debug */,
				36574AA51E4BAB0000CAE3D4 /* Release */,
			);
			defaultConfigurationIsVisible = 0;
		};
/* End XCConfigurationList section */
	};
	rootObject = 36574A891E4BAB0000CAE3D4 /* Project object */;
}
